<Solution>
  <Folder Name="/Aseprite/">
    <Project Path="src/Aseprite/Aseprite.csproj" />
    <Project Path="tests/Aseprite.UnitTests/Aseprite.UnitTests.csproj" />
  </Folder>
  <Folder Name="/Framework/">
    <Project Path="src/Framework/Framework.csproj" />
    <Project Path="tests/Framework.UnitTests/Framework.UnitTests.csproj" />
  </Folder>
  <Folder Name="/Monogame/">
    <Project Path="src/Monogame/Monogame.csproj" />
    <Project Path="tests/Monogame.UnitTests/Monogame.UnitTests.csproj" />
  </Folder>
  <Folder Name="/_SolutionItems/">
    <File Path=".editorconfig" />
    <File Path=".gitignore" />
    <File Path="Directory.Build.props" />
    <File Path="Directory.Packages.props" />
    <File Path="LICENSE" />
    <File Path="README.md" />
  </Folder>
  <Folder Name="/_SolutionItems/.github/">
    <File Path=".github/FUNDING.yml" />
  </Folder>
  <Folder Name="/_SolutionItems/.github/workflows/">
    <File Path=".github/workflows/buildAndTest.yml" />
    <File Path=".github/workflows/createRelease.yml" />
  </Folder>
  <Folder Name="/_SolutionItems/src/">
    <File Path="src/.editorconfig" />
    <File Path="src/Directory.Build.props" />
  </Folder>
  <Folder Name="/_SolutionItems/tests/">
    <File Path="tests/.editorconfig" />
    <File Path="tests/Directory.Build.props" />
  </Folder>
</Solution>
